
Microsoft Visual Studio Solution File, Format Version 12.00
# Visual Studio Version 17
VisualStudioVersion = 17.13.35806.99 d17.13
MinimumVisualStudioVersion = 10.0.40219.1
Project("{FAE04EC0-301F-11D3-BF4B-00C04F79EFBC}") = "midterm-project", "midterm-project.csproj", "{CC516E03-F05E-42DE-967F-F9A6C6E3358D}"
EndProject
Global
	GlobalSection(SolutionConfigurationPlatforms) = preSolution
		Debug|Any CPU = Debug|Any CPU
		Release|Any CPU = Release|Any CPU
	EndGlobalSection
	GlobalSection(ProjectConfigurationPlatforms) = postSolution
		{CC516E03-F05E-42DE-967F-F9A6C6E3358D}.Debug|Any CPU.ActiveCfg = Debug|Any CPU
		{CC516E03-F05E-42DE-967F-F9A6C6E3358D}.Debug|Any CPU.Build.0 = Debug|Any CPU
		{CC516E03-F05E-42DE-967F-F9A6C6E3358D}.Release|Any CPU.ActiveCfg = Release|Any CPU
		{CC516E03-F05E-42DE-967F-F9A6C6E3358D}.Release|Any CPU.Build.0 = Release|Any CPU
	EndGlobalSection
	GlobalSection(SolutionProperties) = preSolution
		HideSolutionNode = FALSE
	EndGlobalSection
	GlobalSection(ExtensibilityGlobals) = postSolution
		SolutionGuid = {4E4EF25B-795C-486B-B540-CE39D4FE0FB5}
	EndGlobalSection
EndGlobal
